
Microsoft Visual Studio Solution File, Format Version 12.00
# Visual Studio 15
VisualStudioVersion = 15.0.27703.2018
MinimumVisualStudioVersion = 10.0.40219.1
Project("{FAE04EC0-301F-11D3-BF4B-00C04F79EFBC}") = "Beginner", "Beginner\Beginner.csproj", "{61F6737E-9BDA-42D2-AE99-1B7CBAEE0FDE}"
EndProject
Global
	GlobalSection(SolutionConfigurationPlatforms) = preSolution
		Debug|Any CPU = Debug|Any CPU
		Release|Any CPU = Release|Any CPU
	EndGlobalSection
	GlobalSection(ProjectConfigurationPlatforms) = postSolution
		{61F6737E-9BDA-42D2-AE99-1B7CBAEE0FDE}.Debug|Any CPU.ActiveCfg = Debug|Any CPU
		{61F6737E-9BDA-42D2-AE99-1B7CBAEE0FDE}.Debug|Any CPU.Build.0 = Debug|Any CPU
		{61F6737E-9BDA-42D2-AE99-1B7CBAEE0FDE}.Release|Any CPU.ActiveCfg = Release|Any CPU
		{61F6737E-9BDA-42D2-AE99-1B7CBAEE0FDE}.Release|Any CPU.Build.0 = Release|Any CPU
	EndGlobalSection
	GlobalSection(SolutionProperties) = preSolution
		HideSolutionNode = FALSE
	EndGlobalSection
	GlobalSection(ExtensibilityGlobals) = postSolution
		SolutionGuid = {ED625292-4CB8-4CD3-AC92-87CE394B576A}
	EndGlobalSection
EndGlobal
