
Microsoft Visual Studio Solution File, Format Version 12.00
# Visual Studio 15
VisualStudioVersion = 15.0.27703.2018
MinimumVisualStudioVersion = 10.0.40219.1
Project("{9A19103F-16F7-4668-BE54-9A1E7A4F7556}") = "Beginner", "Beginner\Beginner.csproj", "{61F6737E-9BDA-42D2-AE99-1B7CBAEE0FDE}"
EndProject
Project("{FAE04EC0-301F-11D3-BF4B-00C04F79EFBC}") = "Arrays", "Arrays\Arrays.csproj", "{1D5DC994-9581-45A7-AFD7-50C256758E51}"
EndProject
Project("{FAE04EC0-301F-11D3-BF4B-00C04F79EFBC}") = "LinkedLists", "LinkedLists\LinkedLists.csproj", "{76AF4A10-CD18-4818-8FA5-E42E6E963EC4}"
EndProject
Project("{FAE04EC0-301F-11D3-BF4B-00C04F79EFBC}") = "Numbers", "Numbers\Numbers.csproj", "{14452CF5-8AB9-4C94-9CFF-60D5DB245D15}"
EndProject
Project("{FAE04EC0-301F-11D3-BF4B-00C04F79EFBC}") = "Sorts", "Sorts\Sorts.csproj", "{362E04A7-488B-41DB-B993-C42C06CC2AD4}"
EndProject
Project("{FAE04EC0-301F-11D3-BF4B-00C04F79EFBC}") = "Strings", "Strings\Strings.csproj", "{C34B8C60-859A-4D07-A66F-CACB4DC1B7E6}"
EndProject
Project("{FAE04EC0-301F-11D3-BF4B-00C04F79EFBC}") = "Trees", "Trees\Trees.csproj", "{BFF1EABD-FEE6-4038-B897-D551E5A7724D}"
EndProject
Project("{FAE04EC0-301F-11D3-BF4B-00C04F79EFBC}") = "GenericStructures", "GenericStructures\GenericStructures.csproj", "{CD2C637B-2320-4A5F-8476-846BF6F2DE1A}"
EndProject
Project("{FAE04EC0-301F-11D3-BF4B-00C04F79EFBC}") = "Graphs", "Graphs\Graphs.csproj", "{FDAA5CD2-57E3-4FF8-9605-A24C2E37F589}"
EndProject
Global
	GlobalSection(SolutionConfigurationPlatforms) = preSolution
		Debug|Any CPU = Debug|Any CPU
		Debug|ARM = Debug|ARM
		Debug|x64 = Debug|x64
		Debug|x86 = Debug|x86
		Release|Any CPU = Release|Any CPU
		Release|ARM = Release|ARM
		Release|x64 = Release|x64
		Release|x86 = Release|x86
	EndGlobalSection
	GlobalSection(ProjectConfigurationPlatforms) = postSolution
		{61F6737E-9BDA-42D2-AE99-1B7CBAEE0FDE}.Debug|Any CPU.ActiveCfg = Debug|Any CPU
		{61F6737E-9BDA-42D2-AE99-1B7CBAEE0FDE}.Debug|Any CPU.Build.0 = Debug|Any CPU
		{61F6737E-9BDA-42D2-AE99-1B7CBAEE0FDE}.Debug|ARM.ActiveCfg = Debug|Any CPU
		{61F6737E-9BDA-42D2-AE99-1B7CBAEE0FDE}.Debug|ARM.Build.0 = Debug|Any CPU
		{61F6737E-9BDA-42D2-AE99-1B7CBAEE0FDE}.Debug|x64.ActiveCfg = Debug|Any CPU
		{61F6737E-9BDA-42D2-AE99-1B7CBAEE0FDE}.Debug|x64.Build.0 = Debug|Any CPU
		{61F6737E-9BDA-42D2-AE99-1B7CBAEE0FDE}.Debug|x86.ActiveCfg = Debug|Any CPU
		{61F6737E-9BDA-42D2-AE99-1B7CBAEE0FDE}.Debug|x86.Build.0 = Debug|Any CPU
		{61F6737E-9BDA-42D2-AE99-1B7CBAEE0FDE}.Release|Any CPU.ActiveCfg = Release|Any CPU
		{61F6737E-9BDA-42D2-AE99-1B7CBAEE0FDE}.Release|Any CPU.Build.0 = Release|Any CPU
		{61F6737E-9BDA-42D2-AE99-1B7CBAEE0FDE}.Release|ARM.ActiveCfg = Release|Any CPU
		{61F6737E-9BDA-42D2-AE99-1B7CBAEE0FDE}.Release|ARM.Build.0 = Release|Any CPU
		{61F6737E-9BDA-42D2-AE99-1B7CBAEE0FDE}.Release|x64.ActiveCfg = Release|Any CPU
		{61F6737E-9BDA-42D2-AE99-1B7CBAEE0FDE}.Release|x64.Build.0 = Release|Any CPU
		{61F6737E-9BDA-42D2-AE99-1B7CBAEE0FDE}.Release|x86.ActiveCfg = Release|Any CPU
		{61F6737E-9BDA-42D2-AE99-1B7CBAEE0FDE}.Release|x86.Build.0 = Release|Any CPU
		{1D5DC994-9581-45A7-AFD7-50C256758E51}.Debug|Any CPU.ActiveCfg = Debug|Any CPU
		{1D5DC994-9581-45A7-AFD7-50C256758E51}.Debug|Any CPU.Build.0 = Debug|Any CPU
		{1D5DC994-9581-45A7-AFD7-50C256758E51}.Debug|ARM.ActiveCfg = Debug|Any CPU
		{1D5DC994-9581-45A7-AFD7-50C256758E51}.Debug|ARM.Build.0 = Debug|Any CPU
		{1D5DC994-9581-45A7-AFD7-50C256758E51}.Debug|x64.ActiveCfg = Debug|Any CPU
		{1D5DC994-9581-45A7-AFD7-50C256758E51}.Debug|x64.Build.0 = Debug|Any CPU
		{1D5DC994-9581-45A7-AFD7-50C256758E51}.Debug|x86.ActiveCfg = Debug|Any CPU
		{1D5DC994-9581-45A7-AFD7-50C256758E51}.Debug|x86.Build.0 = Debug|Any CPU
		{1D5DC994-9581-45A7-AFD7-50C256758E51}.Release|Any CPU.ActiveCfg = Release|Any CPU
		{1D5DC994-9581-45A7-AFD7-50C256758E51}.Release|Any CPU.Build.0 = Release|Any CPU
		{1D5DC994-9581-45A7-AFD7-50C256758E51}.Release|ARM.ActiveCfg = Release|Any CPU
		{1D5DC994-9581-45A7-AFD7-50C256758E51}.Release|ARM.Build.0 = Release|Any CPU
		{1D5DC994-9581-45A7-AFD7-50C256758E51}.Release|x64.ActiveCfg = Release|Any CPU
		{1D5DC994-9581-45A7-AFD7-50C256758E51}.Release|x64.Build.0 = Release|Any CPU
		{1D5DC994-9581-45A7-AFD7-50C256758E51}.Release|x86.ActiveCfg = Release|Any CPU
		{1D5DC994-9581-45A7-AFD7-50C256758E51}.Release|x86.Build.0 = Release|Any CPU
		{76AF4A10-CD18-4818-8FA5-E42E6E963EC4}.Debug|Any CPU.ActiveCfg = Debug|Any CPU
		{76AF4A10-CD18-4818-8FA5-E42E6E963EC4}.Debug|Any CPU.Build.0 = Debug|Any CPU
		{76AF4A10-CD18-4818-8FA5-E42E6E963EC4}.Debug|ARM.ActiveCfg = Debug|Any CPU
		{76AF4A10-CD18-4818-8FA5-E42E6E963EC4}.Debug|ARM.Build.0 = Debug|Any CPU
		{76AF4A10-CD18-4818-8FA5-E42E6E963EC4}.Debug|x64.ActiveCfg = Debug|Any CPU
		{76AF4A10-CD18-4818-8FA5-E42E6E963EC4}.Debug|x64.Build.0 = Debug|Any CPU
		{76AF4A10-CD18-4818-8FA5-E42E6E963EC4}.Debug|x86.ActiveCfg = Debug|Any CPU
		{76AF4A10-CD18-4818-8FA5-E42E6E963EC4}.Debug|x86.Build.0 = Debug|Any CPU
		{76AF4A10-CD18-4818-8FA5-E42E6E963EC4}.Release|Any CPU.ActiveCfg = Release|Any CPU
		{76AF4A10-CD18-4818-8FA5-E42E6E963EC4}.Release|Any CPU.Build.0 = Release|Any CPU
		{76AF4A10-CD18-4818-8FA5-E42E6E963EC4}.Release|ARM.ActiveCfg = Release|Any CPU
		{76AF4A10-CD18-4818-8FA5-E42E6E963EC4}.Release|ARM.Build.0 = Release|Any CPU
		{76AF4A10-CD18-4818-8FA5-E42E6E963EC4}.Release|x64.ActiveCfg = Release|Any CPU
		{76AF4A10-CD18-4818-8FA5-E42E6E963EC4}.Release|x64.Build.0 = Release|Any CPU
		{76AF4A10-CD18-4818-8FA5-E42E6E963EC4}.Release|x86.ActiveCfg = Release|Any CPU
		{76AF4A10-CD18-4818-8FA5-E42E6E963EC4}.Release|x86.Build.0 = Release|Any CPU
		{14452CF5-8AB9-4C94-9CFF-60D5DB245D15}.Debug|Any CPU.ActiveCfg = Debug|Any CPU
		{14452CF5-8AB9-4C94-9CFF-60D5DB245D15}.Debug|Any CPU.Build.0 = Debug|Any CPU
		{14452CF5-8AB9-4C94-9CFF-60D5DB245D15}.Debug|ARM.ActiveCfg = Debug|Any CPU
		{14452CF5-8AB9-4C94-9CFF-60D5DB245D15}.Debug|ARM.Build.0 = Debug|Any CPU
		{14452CF5-8AB9-4C94-9CFF-60D5DB245D15}.Debug|x64.ActiveCfg = Debug|Any CPU
		{14452CF5-8AB9-4C94-9CFF-60D5DB245D15}.Debug|x64.Build.0 = Debug|Any CPU
		{14452CF5-8AB9-4C94-9CFF-60D5DB245D15}.Debug|x86.ActiveCfg = Debug|Any CPU
		{14452CF5-8AB9-4C94-9CFF-60D5DB245D15}.Debug|x86.Build.0 = Debug|Any CPU
		{14452CF5-8AB9-4C94-9CFF-60D5DB245D15}.Release|Any CPU.ActiveCfg = Release|Any CPU
		{14452CF5-8AB9-4C94-9CFF-60D5DB245D15}.Release|Any CPU.Build.0 = Release|Any CPU
		{14452CF5-8AB9-4C94-9CFF-60D5DB245D15}.Release|ARM.ActiveCfg = Release|Any CPU
		{14452CF5-8AB9-4C94-9CFF-60D5DB245D15}.Release|ARM.Build.0 = Release|Any CPU
		{14452CF5-8AB9-4C94-9CFF-60D5DB245D15}.Release|x64.ActiveCfg = Release|Any CPU
		{14452CF5-8AB9-4C94-9CFF-60D5DB245D15}.Release|x64.Build.0 = Release|Any CPU
		{14452CF5-8AB9-4C94-9CFF-60D5DB245D15}.Release|x86.ActiveCfg = Release|Any CPU
		{14452CF5-8AB9-4C94-9CFF-60D5DB245D15}.Release|x86.Build.0 = Release|Any CPU
		{362E04A7-488B-41DB-B993-C42C06CC2AD4}.Debug|Any CPU.ActiveCfg = Debug|Any CPU
		{362E04A7-488B-41DB-B993-C42C06CC2AD4}.Debug|Any CPU.Build.0 = Debug|Any CPU
		{362E04A7-488B-41DB-B993-C42C06CC2AD4}.Debug|ARM.ActiveCfg = Debug|Any CPU
		{362E04A7-488B-41DB-B993-C42C06CC2AD4}.Debug|ARM.Build.0 = Debug|Any CPU
		{362E04A7-488B-41DB-B993-C42C06CC2AD4}.Debug|x64.ActiveCfg = Debug|Any CPU
		{362E04A7-488B-41DB-B993-C42C06CC2AD4}.Debug|x64.Build.0 = Debug|Any CPU
		{362E04A7-488B-41DB-B993-C42C06CC2AD4}.Debug|x86.ActiveCfg = Debug|Any CPU
		{362E04A7-488B-41DB-B993-C42C06CC2AD4}.Debug|x86.Build.0 = Debug|Any CPU
		{362E04A7-488B-41DB-B993-C42C06CC2AD4}.Release|Any CPU.ActiveCfg = Release|Any CPU
		{362E04A7-488B-41DB-B993-C42C06CC2AD4}.Release|Any CPU.Build.0 = Release|Any CPU
		{362E04A7-488B-41DB-B993-C42C06CC2AD4}.Release|ARM.ActiveCfg = Release|Any CPU
		{362E04A7-488B-41DB-B993-C42C06CC2AD4}.Release|ARM.Build.0 = Release|Any CPU
		{362E04A7-488B-41DB-B993-C42C06CC2AD4}.Release|x64.ActiveCfg = Release|Any CPU
		{362E04A7-488B-41DB-B993-C42C06CC2AD4}.Release|x64.Build.0 = Release|Any CPU
		{362E04A7-488B-41DB-B993-C42C06CC2AD4}.Release|x86.ActiveCfg = Release|Any CPU
		{362E04A7-488B-41DB-B993-C42C06CC2AD4}.Release|x86.Build.0 = Release|Any CPU
		{C34B8C60-859A-4D07-A66F-CACB4DC1B7E6}.Debug|Any CPU.ActiveCfg = Debug|Any CPU
		{C34B8C60-859A-4D07-A66F-CACB4DC1B7E6}.Debug|Any CPU.Build.0 = Debug|Any CPU
		{C34B8C60-859A-4D07-A66F-CACB4DC1B7E6}.Debug|ARM.ActiveCfg = Debug|Any CPU
		{C34B8C60-859A-4D07-A66F-CACB4DC1B7E6}.Debug|ARM.Build.0 = Debug|Any CPU
		{C34B8C60-859A-4D07-A66F-CACB4DC1B7E6}.Debug|x64.ActiveCfg = Debug|Any CPU
		{C34B8C60-859A-4D07-A66F-CACB4DC1B7E6}.Debug|x64.Build.0 = Debug|Any CPU
		{C34B8C60-859A-4D07-A66F-CACB4DC1B7E6}.Debug|x86.ActiveCfg = Debug|Any CPU
		{C34B8C60-859A-4D07-A66F-CACB4DC1B7E6}.Debug|x86.Build.0 = Debug|Any CPU
		{C34B8C60-859A-4D07-A66F-CACB4DC1B7E6}.Release|Any CPU.ActiveCfg = Release|Any CPU
		{C34B8C60-859A-4D07-A66F-CACB4DC1B7E6}.Release|Any CPU.Build.0 = Release|Any CPU
		{C34B8C60-859A-4D07-A66F-CACB4DC1B7E6}.Release|ARM.ActiveCfg = Release|Any CPU
		{C34B8C60-859A-4D07-A66F-CACB4DC1B7E6}.Release|ARM.Build.0 = Release|Any CPU
		{C34B8C60-859A-4D07-A66F-CACB4DC1B7E6}.Release|x64.ActiveCfg = Release|Any CPU
		{C34B8C60-859A-4D07-A66F-CACB4DC1B7E6}.Release|x64.Build.0 = Release|Any CPU
		{C34B8C60-859A-4D07-A66F-CACB4DC1B7E6}.Release|x86.ActiveCfg = Release|Any CPU
		{C34B8C60-859A-4D07-A66F-CACB4DC1B7E6}.Release|x86.Build.0 = Release|Any CPU
		{BFF1EABD-FEE6-4038-B897-D551E5A7724D}.Debug|Any CPU.ActiveCfg = Debug|Any CPU
		{BFF1EABD-FEE6-4038-B897-D551E5A7724D}.Debug|Any CPU.Build.0 = Debug|Any CPU
		{BFF1EABD-FEE6-4038-B897-D551E5A7724D}.Debug|ARM.ActiveCfg = Debug|Any CPU
		{BFF1EABD-FEE6-4038-B897-D551E5A7724D}.Debug|ARM.Build.0 = Debug|Any CPU
		{BFF1EABD-FEE6-4038-B897-D551E5A7724D}.Debug|x64.ActiveCfg = Debug|Any CPU
		{BFF1EABD-FEE6-4038-B897-D551E5A7724D}.Debug|x64.Build.0 = Debug|Any CPU
		{BFF1EABD-FEE6-4038-B897-D551E5A7724D}.Debug|x86.ActiveCfg = Debug|Any CPU
		{BFF1EABD-FEE6-4038-B897-D551E5A7724D}.Debug|x86.Build.0 = Debug|Any CPU
		{BFF1EABD-FEE6-4038-B897-D551E5A7724D}.Release|Any CPU.ActiveCfg = Release|Any CPU
		{BFF1EABD-FEE6-4038-B897-D551E5A7724D}.Release|Any CPU.Build.0 = Release|Any CPU
		{BFF1EABD-FEE6-4038-B897-D551E5A7724D}.Release|ARM.ActiveCfg = Release|Any CPU
		{BFF1EABD-FEE6-4038-B897-D551E5A7724D}.Release|ARM.Build.0 = Release|Any CPU
		{BFF1EABD-FEE6-4038-B897-D551E5A7724D}.Release|x64.ActiveCfg = Release|Any CPU
		{BFF1EABD-FEE6-4038-B897-D551E5A7724D}.Release|x64.Build.0 = Release|Any CPU
		{BFF1EABD-FEE6-4038-B897-D551E5A7724D}.Release|x86.ActiveCfg = Release|Any CPU
		{BFF1EABD-FEE6-4038-B897-D551E5A7724D}.Release|x86.Build.0 = Release|Any CPU
		{CD2C637B-2320-4A5F-8476-846BF6F2DE1A}.Debug|Any CPU.ActiveCfg = Debug|Any CPU
		{CD2C637B-2320-4A5F-8476-846BF6F2DE1A}.Debug|Any CPU.Build.0 = Debug|Any CPU
		{CD2C637B-2320-4A5F-8476-846BF6F2DE1A}.Debug|ARM.ActiveCfg = Debug|Any CPU
		{CD2C637B-2320-4A5F-8476-846BF6F2DE1A}.Debug|ARM.Build.0 = Debug|Any CPU
		{CD2C637B-2320-4A5F-8476-846BF6F2DE1A}.Debug|x64.ActiveCfg = Debug|Any CPU
		{CD2C637B-2320-4A5F-8476-846BF6F2DE1A}.Debug|x64.Build.0 = Debug|Any CPU
		{CD2C637B-2320-4A5F-8476-846BF6F2DE1A}.Debug|x86.ActiveCfg = Debug|Any CPU
		{CD2C637B-2320-4A5F-8476-846BF6F2DE1A}.Debug|x86.Build.0 = Debug|Any CPU
		{CD2C637B-2320-4A5F-8476-846BF6F2DE1A}.Release|Any CPU.ActiveCfg = Release|Any CPU
		{CD2C637B-2320-4A5F-8476-846BF6F2DE1A}.Release|Any CPU.Build.0 = Release|Any CPU
		{CD2C637B-2320-4A5F-8476-846BF6F2DE1A}.Release|ARM.ActiveCfg = Release|Any CPU
		{CD2C637B-2320-4A5F-8476-846BF6F2DE1A}.Release|ARM.Build.0 = Release|Any CPU
		{CD2C637B-2320-4A5F-8476-846BF6F2DE1A}.Release|x64.ActiveCfg = Release|Any CPU
		{CD2C637B-2320-4A5F-8476-846BF6F2DE1A}.Release|x64.Build.0 = Release|Any CPU
		{CD2C637B-2320-4A5F-8476-846BF6F2DE1A}.Release|x86.ActiveCfg = Release|Any CPU
		{CD2C637B-2320-4A5F-8476-846BF6F2DE1A}.Release|x86.Build.0 = Release|Any CPU
		{FDAA5CD2-57E3-4FF8-9605-A24C2E37F589}.Debug|Any CPU.ActiveCfg = Debug|Any CPU
		{FDAA5CD2-57E3-4FF8-9605-A24C2E37F589}.Debug|Any CPU.Build.0 = Debug|Any CPU
		{FDAA5CD2-57E3-4FF8-9605-A24C2E37F589}.Debug|ARM.ActiveCfg = Debug|Any CPU
		{FDAA5CD2-57E3-4FF8-9605-A24C2E37F589}.Debug|ARM.Build.0 = Debug|Any CPU
		{FDAA5CD2-57E3-4FF8-9605-A24C2E37F589}.Debug|x64.ActiveCfg = Debug|Any CPU
		{FDAA5CD2-57E3-4FF8-9605-A24C2E37F589}.Debug|x64.Build.0 = Debug|Any CPU
		{FDAA5CD2-57E3-4FF8-9605-A24C2E37F589}.Debug|x86.ActiveCfg = Debug|Any CPU
		{FDAA5CD2-57E3-4FF8-9605-A24C2E37F589}.Debug|x86.Build.0 = Debug|Any CPU
		{FDAA5CD2-57E3-4FF8-9605-A24C2E37F589}.Release|Any CPU.ActiveCfg = Release|Any CPU
		{FDAA5CD2-57E3-4FF8-9605-A24C2E37F589}.Release|Any CPU.Build.0 = Release|Any CPU
		{FDAA5CD2-57E3-4FF8-9605-A24C2E37F589}.Release|ARM.ActiveCfg = Release|Any CPU
		{FDAA5CD2-57E3-4FF8-9605-A24C2E37F589}.Release|ARM.Build.0 = Release|Any CPU
		{FDAA5CD2-57E3-4FF8-9605-A24C2E37F589}.Release|x64.ActiveCfg = Release|Any CPU
		{FDAA5CD2-57E3-4FF8-9605-A24C2E37F589}.Release|x64.Build.0 = Release|Any CPU
		{FDAA5CD2-57E3-4FF8-9605-A24C2E37F589}.Release|x86.ActiveCfg = Release|Any CPU
		{FDAA5CD2-57E3-4FF8-9605-A24C2E37F589}.Release|x86.Build.0 = Release|Any CPU
	EndGlobalSection
	GlobalSection(SolutionProperties) = preSolution
		HideSolutionNode = FALSE
	EndGlobalSection
	GlobalSection(ExtensibilityGlobals) = postSolution
		SolutionGuid = {ED625292-4CB8-4CD3-AC92-87CE394B576A}
	EndGlobalSection
EndGlobal
